// !$*UTF8*$!
{
	archiveVersion = 1;
	classes = {
	};
	objectVersion = 55;
	objects = {

/* Begin PBXBuildFile section */
		857A17AF28B9B0AF0048D81A /* AppDelegate.swift in Sources */ = {isa = PBXBuildFile; fileRef = 857A17AE28B9B0AF0048D81A /* AppDelegate.swift */; };
		857A17B128B9B0AF0048D81A /* SceneDelegate.swift in Sources */ = {isa = PBXBuildFile; fileRef = 857A17B028B9B0AF0048D81A /* SceneDelegate.swift */; };
		857A17B628B9B0AF0048D81A /* Main.storyboard in Resources */ = {isa = PBXBuildFile; fileRef = 857A17B428B9B0AF0048D81A /* Main.storyboard */; };
		857A17B828B9B0B10048D81A /* Assets.xcassets in Resources */ = {isa = PBXBuildFile; fileRef = 857A17B728B9B0B10048D81A /* Assets.xcassets */; };
		857A17BB28B9B0B10048D81A /* LaunchScreen.storyboard in Resources */ = {isa = PBXBuildFile; fileRef = 857A17B928B9B0B10048D81A /* LaunchScreen.storyboard */; };
		857A17C928B9B3900048D81A /* SettingViewController.swift in Sources */ = {isa = PBXBuildFile; fileRef = 857A17C828B9B3900048D81A /* SettingViewController.swift */; };
		857A17CB28B9B3990048D81A /* SearchViewController.swift in Sources */ = {isa = PBXBuildFile; fileRef = 857A17CA28B9B3990048D81A /* SearchViewController.swift */; };
		857A17CD28B9B3A70048D81A /* CalendarViewController.swift in Sources */ = {isa = PBXBuildFile; fileRef = 857A17CC28B9B3A70048D81A /* CalendarViewController.swift */; };
		857A17D228B9B7700048D81A /* UITabBar+Extension.swift in Sources */ = {isa = PBXBuildFile; fileRef = 857A17D128B9B7700048D81A /* UITabBar+Extension.swift */; };
		857A17D428B9B90E0048D81A /* TabBarViewController.swift in Sources */ = {isa = PBXBuildFile; fileRef = 857A17D328B9B90E0048D81A /* TabBarViewController.swift */; };
/* End PBXBuildFile section */

/* Begin PBXFileReference section */
		857A17AB28B9B0AF0048D81A /* ShoppingTodoApp.app */ = {isa = PBXFileReference; explicitFileType = wrapper.application; includeInIndex = 0; path = ShoppingTodoApp.app; sourceTree = BUILT_PRODUCTS_DIR; };
		857A17AE28B9B0AF0048D81A /* AppDelegate.swift */ = {isa = PBXFileReference; lastKnownFileType = sourcecode.swift; path = AppDelegate.swift; sourceTree = "<group>"; };
		857A17B028B9B0AF0048D81A /* SceneDelegate.swift */ = {isa = PBXFileReference; lastKnownFileType = sourcecode.swift; path = SceneDelegate.swift; sourceTree = "<group>"; };
		857A17B528B9B0AF0048D81A /* Base */ = {isa = PBXFileReference; lastKnownFileType = file.storyboard; name = Base; path = Base.lproj/Main.storyboard; sourceTree = "<group>"; };
		857A17B728B9B0B10048D81A /* Assets.xcassets */ = {isa = PBXFileReference; lastKnownFileType = folder.assetcatalog; path = Assets.xcassets; sourceTree = "<group>"; };
		857A17BA28B9B0B10048D81A /* Base */ = {isa = PBXFileReference; lastKnownFileType = file.storyboard; name = Base; path = Base.lproj/LaunchScreen.storyboard; sourceTree = "<group>"; };
		857A17BC28B9B0B10048D81A /* Info.plist */ = {isa = PBXFileReference; lastKnownFileType = text.plist.xml; path = Info.plist; sourceTree = "<group>"; };
		857A17C828B9B3900048D81A /* SettingViewController.swift */ = {isa = PBXFileReference; lastKnownFileType = sourcecode.swift; path = SettingViewController.swift; sourceTree = "<group>"; };
		857A17CA28B9B3990048D81A /* SearchViewController.swift */ = {isa = PBXFileReference; lastKnownFileType = sourcecode.swift; path = SearchViewController.swift; sourceTree = "<group>"; };
		857A17CC28B9B3A70048D81A /* CalendarViewController.swift */ = {isa = PBXFileReference; lastKnownFileType = sourcecode.swift; path = CalendarViewController.swift; sourceTree = "<group>"; };
		857A17D128B9B7700048D81A /* UITabBar+Extension.swift */ = {isa = PBXFileReference; lastKnownFileType = sourcecode.swift; path = "UITabBar+Extension.swift"; sourceTree = "<group>"; };
		857A17D328B9B90E0048D81A /* TabBarViewController.swift */ = {isa = PBXFileReference; lastKnownFileType = sourcecode.swift; path = TabBarViewController.swift; sourceTree = "<group>"; };
/* End PBXFileReference section */

/* Begin PBXFrameworksBuildPhase section */
		857A17A828B9B0AF0048D81A /* Frameworks */ = {
			isa = PBXFrameworksBuildPhase;
			buildActionMask = 2147483647;
			files = (
			);
			runOnlyForDeploymentPostprocessing = 0;
		};
/* End PBXFrameworksBuildPhase section */

/* Begin PBXGroup section */
		857A17A228B9B0AF0048D81A = {
			isa = PBXGroup;
			children = (
				857A17AD28B9B0AF0048D81A /* ShoppingTodoApp */,
				857A17AC28B9B0AF0048D81A /* Products */,
			);
			sourceTree = "<group>";
		};
		857A17AC28B9B0AF0048D81A /* Products */ = {
			isa = PBXGroup;
			children = (
				857A17AB28B9B0AF0048D81A /* ShoppingTodoApp.app */,
			);
			name = Products;
			sourceTree = "<group>";
		};
		857A17AD28B9B0AF0048D81A /* ShoppingTodoApp */ = {
			isa = PBXGroup;
			children = (
				857A17D028B9B75C0048D81A /* Extension */,
				857A17C728B9B3850048D81A /* Setting */,
				857A17C628B9B37B0048D81A /* Search */,
				857A17C528B9B36A0048D81A /* Calendar */,
				857A17AE28B9B0AF0048D81A /* AppDelegate.swift */,
				857A17B028B9B0AF0048D81A /* SceneDelegate.swift */,
				857A17D328B9B90E0048D81A /* TabBarViewController.swift */,
				857A17B428B9B0AF0048D81A /* Main.storyboard */,
				857A17B728B9B0B10048D81A /* Assets.xcassets */,
				857A17B928B9B0B10048D81A /* LaunchScreen.storyboard */,
				857A17BC28B9B0B10048D81A /* Info.plist */,
			);
			path = ShoppingTodoApp;
			sourceTree = "<group>";
		};
		857A17C528B9B36A0048D81A /* Calendar */ = {
			isa = PBXGroup;
			children = (
				857A17CC28B9B3A70048D81A /* CalendarViewController.swift */,
			);
			path = Calendar;
			sourceTree = "<group>";
		};
		857A17C628B9B37B0048D81A /* Search */ = {
			isa = PBXGroup;
			children = (
				857A17CA28B9B3990048D81A /* SearchViewController.swift */,
			);
			path = Search;
			sourceTree = "<group>";
		};
		857A17C728B9B3850048D81A /* Setting */ = {
			isa = PBXGroup;
			children = (
				857A17C828B9B3900048D81A /* SettingViewController.swift */,
			);
			path = Setting;
			sourceTree = "<group>";
		};
		857A17D028B9B75C0048D81A /* Extension */ = {
			isa = PBXGroup;
			children = (
				857A17D128B9B7700048D81A /* UITabBar+Extension.swift */,
			);
			path = Extension;
			sourceTree = "<group>";
		};
/* End PBXGroup section */

/* Begin PBXNativeTarget section */
		857A17AA28B9B0AF0048D81A /* ShoppingTodoApp */ = {
			isa = PBXNativeTarget;
			buildConfigurationList = 857A17BF28B9B0B10048D81A /* Build configuration list for PBXNativeTarget "ShoppingTodoApp" */;
			buildPhases = (
				857A17A728B9B0AF0048D81A /* Sources */,
				857A17A828B9B0AF0048D81A /* Frameworks */,
				857A17A928B9B0AF0048D81A /* Resources */,
			);
			buildRules = (
			);
			dependencies = (
			);
			name = ShoppingTodoApp;
			productName = ShoppingTodoApp;
			productReference = 857A17AB28B9B0AF0048D81A /* ShoppingTodoApp.app */;
			productType = "com.apple.product-type.application";
		};
/* End PBXNativeTarget section */

/* Begin PBXProject section */
		857A17A328B9B0AF0048D81A /* Project object */ = {
			isa = PBXProject;
			attributes = {
				BuildIndependentTargetsInParallel = 1;
				LastSwiftUpdateCheck = 1340;
				LastUpgradeCheck = 1340;
				TargetAttributes = {
					857A17AA28B9B0AF0048D81A = {
						CreatedOnToolsVersion = 13.4.1;
					};
				};
			};
			buildConfigurationList = 857A17A628B9B0AF0048D81A /* Build configuration list for PBXProject "ShoppingTodoApp" */;
			compatibilityVersion = "Xcode 13.0";
			developmentRegion = en;
			hasScannedForEncodings = 0;
			knownRegions = (
				en,
				Base,
			);
			mainGroup = 857A17A228B9B0AF0048D81A;
			productRefGroup = 857A17AC28B9B0AF0048D81A /* Products */;
			projectDirPath = "";
			projectRoot = "";
			targets = (
				857A17AA28B9B0AF0048D81A /* ShoppingTodoApp */,
			);
		};
/* End PBXProject section */

/* Begin PBXResourcesBuildPhase section */
		857A17A928B9B0AF0048D81A /* Resources */ = {
			isa = PBXResourcesBuildPhase;
			buildActionMask = 2147483647;
			files = (
				857A17BB28B9B0B10048D81A /* LaunchScreen.storyboard in Resources */,
				857A17B828B9B0B10048D81A /* Assets.xcassets in Resources */,
				857A17B628B9B0AF0048D81A /* Main.storyboard in Resources */,
			);
			runOnlyForDeploymentPostprocessing = 0;
		};
/* End PBXResourcesBuildPhase section */

/* Begin PBXSourcesBuildPhase section */
		857A17A728B9B0AF0048D81A /* Sources */ = {
			isa = PBXSourcesBuildPhase;
			buildActionMask = 2147483647;
			files = (
				857A17CD28B9B3A70048D81A /* CalendarViewController.swift in Sources */,
				857A17CB28B9B3990048D81A /* SearchViewController.swift in Sources */,
				857A17AF28B9B0AF0048D81A /* AppDelegate.swift in Sources */,
				857A17B128B9B0AF0048D81A /* SceneDelegate.swift in Sources */,
				857A17D428B9B90E0048D81A /* TabBarViewController.swift in Sources */,
				857A17D228B9B7700048D81A /* UITabBar+Extension.swift in Sources */,
				857A17C928B9B3900048D81A /* SettingViewController.swift in Sources */,
			);
			runOnlyForDeploymentPostprocessing = 0;
		};
/* End PBXSourcesBuildPhase section */

/* Begin PBXVariantGroup section */
		857A17B428B9B0AF0048D81A /* Main.storyboard */ = {
			isa = PBXVariantGroup;
			children = (
				857A17B528B9B0AF0048D81A /* Base */,
			);
			name = Main.storyboard;
			sourceTree = "<group>";
		};
		857A17B928B9B0B10048D81A /* LaunchScreen.storyboard */ = {
			isa = PBXVariantGroup;
			children = (
				857A17BA28B9B0B10048D81A /* Base */,
			);
			name = LaunchScreen.storyboard;
			sourceTree = "<group>";
		};
/* End PBXVariantGroup section */

/* Begin XCBuildConfiguration section */
		857A17BD28B9B0B10048D81A /* Debug */ = {
			isa = XCBuildConfiguration;
			buildSettings = {
				ALWAYS_SEARCH_USER_PATHS = NO;
				CLANG_ANALYZER_NONNULL = YES;
				CLANG_ANALYZER_NUMBER_OBJECT_CONVERSION = YES_AGGRESSIVE;
				CLANG_CXX_LANGUAGE_STANDARD = "gnu++17";
				CLANG_ENABLE_MODULES = YES;
				CLANG_ENABLE_OBJC_ARC = YES;
				CLANG_ENABLE_OBJC_WEAK = YES;
				CLANG_WARN_BLOCK_CAPTURE_AUTORELEASING = YES;
				CLANG_WARN_BOOL_CONVERSION = YES;
				CLANG_WARN_COMMA = YES;
				CLANG_WARN_CONSTANT_CONVERSION = YES;
				CLANG_WARN_DEPRECATED_OBJC_IMPLEMENTATIONS = YES;
				CLANG_WARN_DIRECT_OBJC_ISA_USAGE = YES_ERROR;
				CLANG_WARN_DOCUMENTATION_COMMENTS = YES;
				CLANG_WARN_EMPTY_BODY = YES;
				CLANG_WARN_ENUM_CONVERSION = YES;
				CLANG_WARN_INFINITE_RECURSION = YES;
				CLANG_WARN_INT_CONVERSION = YES;
				CLANG_WARN_NON_LITERAL_NULL_CONVERSION = YES;
				CLANG_WARN_OBJC_IMPLICIT_RETAIN_SELF = YES;
				CLANG_WARN_OBJC_LITERAL_CONVERSION = YES;
				CLANG_WARN_OBJC_ROOT_CLASS = YES_ERROR;
				CLANG_WARN_QUOTED_INCLUDE_IN_FRAMEWORK_HEADER = YES;
				CLANG_WARN_RANGE_LOOP_ANALYSIS = YES;
				CLANG_WARN_STRICT_PROTOTYPES = YES;
				CLANG_WARN_SUSPICIOUS_MOVE = YES;
				CLANG_WARN_UNGUARDED_AVAILABILITY = YES_AGGRESSIVE;
				CLANG_WARN_UNREACHABLE_CODE = YES;
				CLANG_WARN__DUPLICATE_METHOD_MATCH = YES;
				COPY_PHASE_STRIP = NO;
				DEBUG_INFORMATION_FORMAT = dwarf;
				ENABLE_STRICT_OBJC_MSGSEND = YES;
				ENABLE_TESTABILITY = YES;
				GCC_C_LANGUAGE_STANDARD = gnu11;
				GCC_DYNAMIC_NO_PIC = NO;
				GCC_NO_COMMON_BLOCKS = YES;
				GCC_OPTIMIZATION_LEVEL = 0;
				GCC_PREPROCESSOR_DEFINITIONS = (
					"DEBUG=1",
					"$(inherited)",
				);
				GCC_WARN_64_TO_32_BIT_CONVERSION = YES;
				GCC_WARN_ABOUT_RETURN_TYPE = YES_ERROR;
				GCC_WARN_UNDECLARED_SELECTOR = YES;
				GCC_WARN_UNINITIALIZED_AUTOS = YES_AGGRESSIVE;
				GCC_WARN_UNUSED_FUNCTION = YES;
				GCC_WARN_UNUSED_VARIABLE = YES;
				IPHONEOS_DEPLOYMENT_TARGET = 15.5;
				MTL_ENABLE_DEBUG_INFO = INCLUDE_SOURCE;
				MTL_FAST_MATH = YES;
				ONLY_ACTIVE_ARCH = YES;
				SDKROOT = iphoneos;
				SWIFT_ACTIVE_COMPILATION_CONDITIONS = DEBUG;
				SWIFT_OPTIMIZATION_LEVEL = "-Onone";
			};
			name = Debug;
		};
		857A17BE28B9B0B10048D81A /* Release */ = {
			isa = XCBuildConfiguration;
			buildSettings = {
				ALWAYS_SEARCH_USER_PATHS = NO;
				CLANG_ANALYZER_NONNULL = YES;
				CLANG_ANALYZER_NUMBER_OBJECT_CONVERSION = YES_AGGRESSIVE;
				CLANG_CXX_LANGUAGE_STANDARD = "gnu++17";
				CLANG_ENABLE_MODULES = YES;
				CLANG_ENABLE_OBJC_ARC = YES;
				CLANG_ENABLE_OBJC_WEAK = YES;
				CLANG_WARN_BLOCK_CAPTURE_AUTORELEASING = YES;
				CLANG_WARN_BOOL_CONVERSION = YES;
				CLANG_WARN_COMMA = YES;
				CLANG_WARN_CONSTANT_CONVERSION = YES;
				CLANG_WARN_DEPRECATED_OBJC_IMPLEMENTATIONS = YES;
				CLANG_WARN_DIRECT_OBJC_ISA_USAGE = YES_ERROR;
				CLANG_WARN_DOCUMENTATION_COMMENTS = YES;
				CLANG_WARN_EMPTY_BODY = YES;
				CLANG_WARN_ENUM_CONVERSION = YES;
				CLANG_WARN_INFINITE_RECURSION = YES;
				CLANG_WARN_INT_CONVERSION = YES;
				CLANG_WARN_NON_LITERAL_NULL_CONVERSION = YES;
				CLANG_WARN_OBJC_IMPLICIT_RETAIN_SELF = YES;
				CLANG_WARN_OBJC_LITERAL_CONVERSION = YES;
				CLANG_WARN_OBJC_ROOT_CLASS = YES_ERROR;
				CLANG_WARN_QUOTED_INCLUDE_IN_FRAMEWORK_HEADER = YES;
				CLANG_WARN_RANGE_LOOP_ANALYSIS = YES;
				CLANG_WARN_STRICT_PROTOTYPES = YES;
				CLANG_WARN_SUSPICIOUS_MOVE = YES;
				CLANG_WARN_UNGUARDED_AVAILABILITY = YES_AGGRESSIVE;
				CLANG_WARN_UNREACHABLE_CODE = YES;
				CLANG_WARN__DUPLICATE_METHOD_MATCH = YES;
				COPY_PHASE_STRIP = NO;
				DEBUG_INFORMATION_FORMAT = "dwarf-with-dsym";
				ENABLE_NS_ASSERTIONS = NO;
				ENABLE_STRICT_OBJC_MSGSEND = YES;
				GCC_C_LANGUAGE_STANDARD = gnu11;
				GCC_NO_COMMON_BLOCKS = YES;
				GCC_WARN_64_TO_32_BIT_CONVERSION = YES;
				GCC_WARN_ABOUT_RETURN_TYPE = YES_ERROR;
				GCC_WARN_UNDECLARED_SELECTOR = YES;
				GCC_WARN_UNINITIALIZED_AUTOS = YES_AGGRESSIVE;
				GCC_WARN_UNUSED_FUNCTION = YES;
				GCC_WARN_UNUSED_VARIABLE = YES;
				IPHONEOS_DEPLOYMENT_TARGET = 15.5;
				MTL_ENABLE_DEBUG_INFO = NO;
				MTL_FAST_MATH = YES;
				SDKROOT = iphoneos;
				SWIFT_COMPILATION_MODE = wholemodule;
				SWIFT_OPTIMIZATION_LEVEL = "-O";
				VALIDATE_PRODUCT = YES;
			};
			name = Release;
		};
		857A17C028B9B0B10048D81A /* Debug */ = {
			isa = XCBuildConfiguration;
			buildSettings = {
				ASSETCATALOG_COMPILER_APPICON_NAME = AppIcon;
				ASSETCATALOG_COMPILER_GLOBAL_ACCENT_COLOR_NAME = AccentColor;
				CODE_SIGN_STYLE = Automatic;
				CURRENT_PROJECT_VERSION = 1;
				DEVELOPMENT_TEAM = 3K4KWAG7KD;
				GENERATE_INFOPLIST_FILE = YES;
				INFOPLIST_FILE = ShoppingTodoApp/Info.plist;
				INFOPLIST_KEY_UIApplicationSupportsIndirectInputEvents = YES;
				INFOPLIST_KEY_UILaunchStoryboardName = LaunchScreen;
				INFOPLIST_KEY_UIMainStoryboardFile = Main;
				INFOPLIST_KEY_UISupportedInterfaceOrientations_iPad = "UIInterfaceOrientationPortrait UIInterfaceOrientationPortraitUpsideDown UIInterfaceOrientationLandscapeLeft UIInterfaceOrientationLandscapeRight";
				INFOPLIST_KEY_UISupportedInterfaceOrientations_iPhone = "UIInterfaceOrientationPortrait UIInterfaceOrientationLandscapeLeft UIInterfaceOrientationLandscapeRight";
				LD_RUNPATH_SEARCH_PATHS = (
					"$(inherited)",
					"@executable_path/Frameworks",
				);
				MARKETING_VERSION = 1.0;
				PRODUCT_BUNDLE_IDENTIFIER = com.hano.ShoppingTodoApp;
				PRODUCT_NAME = "$(TARGET_NAME)";
				SWIFT_EMIT_LOC_STRINGS = YES;
				SWIFT_VERSION = 5.0;
				TARGETED_DEVICE_FAMILY = "1,2";
			};
			name = Debug;
		};
		857A17C128B9B0B10048D81A /* Release */ = {
			isa = XCBuildConfiguration;
			buildSettings = {
				ASSETCATALOG_COMPILER_APPICON_NAME = AppIcon;
				ASSETCATALOG_COMPILER_GLOBAL_ACCENT_COLOR_NAME = AccentColor;
				CODE_SIGN_STYLE = Automatic;
				CURRENT_PROJECT_VERSION = 1;
				DEVELOPMENT_TEAM = 3K4KWAG7KD;
				GENERATE_INFOPLIST_FILE = YES;
				INFOPLIST_FILE = ShoppingTodoApp/Info.plist;
				INFOPLIST_KEY_UIApplicationSupportsIndirectInputEvents = YES;
				INFOPLIST_KEY_UILaunchStoryboardName = LaunchScreen;
				INFOPLIST_KEY_UIMainStoryboardFile = Main;
				INFOPLIST_KEY_UISupportedInterfaceOrientations_iPad = "UIInterfaceOrientationPortrait UIInterfaceOrientationPortraitUpsideDown UIInterfaceOrientationLandscapeLeft UIInterfaceOrientationLandscapeRight";
				INFOPLIST_KEY_UISupportedInterfaceOrientations_iPhone = "UIInterfaceOrientationPortrait UIInterfaceOrientationLandscapeLeft UIInterfaceOrientationLandscapeRight";
				LD_RUNPATH_SEARCH_PATHS = (
					"$(inherited)",
					"@executable_path/Frameworks",
				);
				MARKETING_VERSION = 1.0;
				PRODUCT_BUNDLE_IDENTIFIER = com.hano.ShoppingTodoApp;
				PRODUCT_NAME = "$(TARGET_NAME)";
				SWIFT_EMIT_LOC_STRINGS = YES;
				SWIFT_VERSION = 5.0;
				TARGETED_DEVICE_FAMILY = "1,2";
			};
			name = Release;
		};
/* End XCBuildConfiguration section */

/* Begin XCConfigurationList section */
		857A17A628B9B0AF0048D81A /* Build configuration list for PBXProject "ShoppingTodoApp" */ = {
			isa = XCConfigurationList;
			buildConfigurations = (
				857A17BD28B9B0B10048D81A /* Debug */,
				857A17BE28B9B0B10048D81A /* Release */,
			);
			defaultConfigurationIsVisible = 0;
			defaultConfigurationName = Release;
		};
		857A17BF28B9B0B10048D81A /* Build configuration list for PBXNativeTarget "ShoppingTodoApp" */ = {
			isa = XCConfigurationList;
			buildConfigurations = (
				857A17C028B9B0B10048D81A /* Debug */,
				857A17C128B9B0B10048D81A /* Release */,
			);
			defaultConfigurationIsVisible = 0;
			defaultConfigurationName = Release;
		};
/* End XCConfigurationList section */
	};
	rootObject = 857A17A328B9B0AF0048D81A /* Project object */;
}
