// !$*UTF8*$!
{
	archiveVersion = 1;
	classes = {
	};
	objectVersion = 55;
	objects = {

/* Begin PBXBuildFile section */
		8526CC8A28B9F1180053D3C5 /* ReusableProtocol.swift in Sources */ = {isa = PBXBuildFile; fileRef = 8526CC8928B9F1180053D3C5 /* ReusableProtocol.swift */; };
		8526CC8C28B9F2330053D3C5 /* ShoppingListTableViewCell.swift in Sources */ = {isa = PBXBuildFile; fileRef = 8526CC8B28B9F2330053D3C5 /* ShoppingListTableViewCell.swift */; };
		8526CC8F28B9F4A30053D3C5 /* GreenColorLabel.swift in Sources */ = {isa = PBXBuildFile; fileRef = 8526CC8E28B9F4A30053D3C5 /* GreenColorLabel.swift */; };
		8526CC9228B9F5420053D3C5 /* UIColor+Extension.swift in Sources */ = {isa = PBXBuildFile; fileRef = 8526CC9128B9F5420053D3C5 /* UIColor+Extension.swift */; };
		8526CC9428B9FB430053D3C5 /* UIViewController+Extension.swift in Sources */ = {isa = PBXBuildFile; fileRef = 8526CC9328B9FB430053D3C5 /* UIViewController+Extension.swift */; };
		8526CC9728B9FD120053D3C5 /* WriteViewController.swift in Sources */ = {isa = PBXBuildFile; fileRef = 8526CC9628B9FD120053D3C5 /* WriteViewController.swift */; };
		8526CC9928B9FD2C0053D3C5 /* WriteView.swift in Sources */ = {isa = PBXBuildFile; fileRef = 8526CC9828B9FD2C0053D3C5 /* WriteView.swift */; };
		8526CC9C28BA0A840053D3C5 /* ImageSearchViewController.swift in Sources */ = {isa = PBXBuildFile; fileRef = 8526CC9B28BA0A840053D3C5 /* ImageSearchViewController.swift */; };
		8526CC9E28BA0ACD0053D3C5 /* ImageSearchView.swift in Sources */ = {isa = PBXBuildFile; fileRef = 8526CC9D28BA0ACD0053D3C5 /* ImageSearchView.swift */; };
		8526CCA028BA0EAB0053D3C5 /* ImageCollectionViewCell.swift in Sources */ = {isa = PBXBuildFile; fileRef = 8526CC9F28BA0EAB0053D3C5 /* ImageCollectionViewCell.swift */; };
		8526CCA328BA11AF0053D3C5 /* .gitignore in Resources */ = {isa = PBXBuildFile; fileRef = 8526CCA228BA11AF0053D3C5 /* .gitignore */; };
		8526CCA628BA11C90053D3C5 /* APIKey.swift in Sources */ = {isa = PBXBuildFile; fileRef = 8526CCA528BA11C90053D3C5 /* APIKey.swift */; };
		8526CCA928BA13D60053D3C5 /* NaverAPIManager.swift in Sources */ = {isa = PBXBuildFile; fileRef = 8526CCA828BA13D60053D3C5 /* NaverAPIManager.swift */; };
		8526CCAC28BA166C0053D3C5 /* Alamofire in Frameworks */ = {isa = PBXBuildFile; productRef = 8526CCAB28BA166C0053D3C5 /* Alamofire */; };
		8526CCAF28BA16910053D3C5 /* SwiftyJSON in Frameworks */ = {isa = PBXBuildFile; productRef = 8526CCAE28BA16910053D3C5 /* SwiftyJSON */; };
		8526CCB128BA17160053D3C5 /* EndPoint.swift in Sources */ = {isa = PBXBuildFile; fileRef = 8526CCB028BA17160053D3C5 /* EndPoint.swift */; };
		857A17AF28B9B0AF0048D81A /* AppDelegate.swift in Sources */ = {isa = PBXBuildFile; fileRef = 857A17AE28B9B0AF0048D81A /* AppDelegate.swift */; };
		857A17B128B9B0AF0048D81A /* SceneDelegate.swift in Sources */ = {isa = PBXBuildFile; fileRef = 857A17B028B9B0AF0048D81A /* SceneDelegate.swift */; };
		857A17B628B9B0AF0048D81A /* Main.storyboard in Resources */ = {isa = PBXBuildFile; fileRef = 857A17B428B9B0AF0048D81A /* Main.storyboard */; };
		857A17B828B9B0B10048D81A /* Assets.xcassets in Resources */ = {isa = PBXBuildFile; fileRef = 857A17B728B9B0B10048D81A /* Assets.xcassets */; };
		857A17BB28B9B0B10048D81A /* LaunchScreen.storyboard in Resources */ = {isa = PBXBuildFile; fileRef = 857A17B928B9B0B10048D81A /* LaunchScreen.storyboard */; };
		857A17C928B9B3900048D81A /* SettingViewController.swift in Sources */ = {isa = PBXBuildFile; fileRef = 857A17C828B9B3900048D81A /* SettingViewController.swift */; };
		857A17CB28B9B3990048D81A /* SearchViewController.swift in Sources */ = {isa = PBXBuildFile; fileRef = 857A17CA28B9B3990048D81A /* SearchViewController.swift */; };
		857A17CD28B9B3A70048D81A /* CalendarViewController.swift in Sources */ = {isa = PBXBuildFile; fileRef = 857A17CC28B9B3A70048D81A /* CalendarViewController.swift */; };
		857A17D428B9B90E0048D81A /* TabBarViewController.swift in Sources */ = {isa = PBXBuildFile; fileRef = 857A17D328B9B90E0048D81A /* TabBarViewController.swift */; };
		857A17D728B9BA4A0048D81A /* BaseViewController.swift in Sources */ = {isa = PBXBuildFile; fileRef = 857A17D628B9BA4A0048D81A /* BaseViewController.swift */; };
		857A17D928B9BBFD0048D81A /* BaseView.swift in Sources */ = {isa = PBXBuildFile; fileRef = 857A17D828B9BBFD0048D81A /* BaseView.swift */; };
		857A17E128B9D6BD0048D81A /* FSCalendar in Frameworks */ = {isa = PBXBuildFile; productRef = 857A17E028B9D6BD0048D81A /* FSCalendar */; };
		857A17E328B9D6DE0048D81A /* CalendarView.swift in Sources */ = {isa = PBXBuildFile; fileRef = 857A17E228B9D6DE0048D81A /* CalendarView.swift */; };
		857A17E928B9D9A20048D81A /* SnapKit in Frameworks */ = {isa = PBXBuildFile; productRef = 857A17E828B9D9A20048D81A /* SnapKit */; };
		85A504D528BBA51E00EABE32 /* Realm in Frameworks */ = {isa = PBXBuildFile; productRef = 85A504D428BBA51E00EABE32 /* Realm */; };
		85A504D728BBA51E00EABE32 /* RealmSwift in Frameworks */ = {isa = PBXBuildFile; productRef = 85A504D628BBA51E00EABE32 /* RealmSwift */; };
		85A504DA28BBA54000EABE32 /* RealmModel.swift in Sources */ = {isa = PBXBuildFile; fileRef = 85A504D928BBA54000EABE32 /* RealmModel.swift */; };
		85E8426928BB5AB800B90B4F /* Kingfisher in Frameworks */ = {isa = PBXBuildFile; productRef = 85E8426828BB5AB800B90B4F /* Kingfisher */; };
/* End PBXBuildFile section */

/* Begin PBXFileReference section */
		8526CC8928B9F1180053D3C5 /* ReusableProtocol.swift */ = {isa = PBXFileReference; lastKnownFileType = sourcecode.swift; path = ReusableProtocol.swift; sourceTree = "<group>"; };
		8526CC8B28B9F2330053D3C5 /* ShoppingListTableViewCell.swift */ = {isa = PBXFileReference; lastKnownFileType = sourcecode.swift; path = ShoppingListTableViewCell.swift; sourceTree = "<group>"; };
		8526CC8E28B9F4A30053D3C5 /* GreenColorLabel.swift */ = {isa = PBXFileReference; lastKnownFileType = sourcecode.swift; path = GreenColorLabel.swift; sourceTree = "<group>"; };
		8526CC9128B9F5420053D3C5 /* UIColor+Extension.swift */ = {isa = PBXFileReference; lastKnownFileType = sourcecode.swift; path = "UIColor+Extension.swift"; sourceTree = "<group>"; };
		8526CC9328B9FB430053D3C5 /* UIViewController+Extension.swift */ = {isa = PBXFileReference; lastKnownFileType = sourcecode.swift; path = "UIViewController+Extension.swift"; sourceTree = "<group>"; };
		8526CC9628B9FD120053D3C5 /* WriteViewController.swift */ = {isa = PBXFileReference; lastKnownFileType = sourcecode.swift; path = WriteViewController.swift; sourceTree = "<group>"; };
		8526CC9828B9FD2C0053D3C5 /* WriteView.swift */ = {isa = PBXFileReference; lastKnownFileType = sourcecode.swift; path = WriteView.swift; sourceTree = "<group>"; };
		8526CC9B28BA0A840053D3C5 /* ImageSearchViewController.swift */ = {isa = PBXFileReference; lastKnownFileType = sourcecode.swift; path = ImageSearchViewController.swift; sourceTree = "<group>"; };
		8526CC9D28BA0ACD0053D3C5 /* ImageSearchView.swift */ = {isa = PBXFileReference; lastKnownFileType = sourcecode.swift; path = ImageSearchView.swift; sourceTree = "<group>"; };
		8526CC9F28BA0EAB0053D3C5 /* ImageCollectionViewCell.swift */ = {isa = PBXFileReference; lastKnownFileType = sourcecode.swift; path = ImageCollectionViewCell.swift; sourceTree = "<group>"; };
		8526CCA228BA11AF0053D3C5 /* .gitignore */ = {isa = PBXFileReference; lastKnownFileType = text; path = .gitignore; sourceTree = "<group>"; };
		8526CCA528BA11C90053D3C5 /* APIKey.swift */ = {isa = PBXFileReference; lastKnownFileType = sourcecode.swift; path = APIKey.swift; sourceTree = "<group>"; };
		8526CCA828BA13D60053D3C5 /* NaverAPIManager.swift */ = {isa = PBXFileReference; lastKnownFileType = sourcecode.swift; path = NaverAPIManager.swift; sourceTree = "<group>"; };
		8526CCB028BA17160053D3C5 /* EndPoint.swift */ = {isa = PBXFileReference; lastKnownFileType = sourcecode.swift; path = EndPoint.swift; sourceTree = "<group>"; };
		857A17AB28B9B0AF0048D81A /* ShoppingTodoApp.app */ = {isa = PBXFileReference; explicitFileType = wrapper.application; includeInIndex = 0; path = ShoppingTodoApp.app; sourceTree = BUILT_PRODUCTS_DIR; };
		857A17AE28B9B0AF0048D81A /* AppDelegate.swift */ = {isa = PBXFileReference; lastKnownFileType = sourcecode.swift; path = AppDelegate.swift; sourceTree = "<group>"; };
		857A17B028B9B0AF0048D81A /* SceneDelegate.swift */ = {isa = PBXFileReference; lastKnownFileType = sourcecode.swift; path = SceneDelegate.swift; sourceTree = "<group>"; };
		857A17B528B9B0AF0048D81A /* Base */ = {isa = PBXFileReference; lastKnownFileType = file.storyboard; name = Base; path = Base.lproj/Main.storyboard; sourceTree = "<group>"; };
		857A17B728B9B0B10048D81A /* Assets.xcassets */ = {isa = PBXFileReference; lastKnownFileType = folder.assetcatalog; path = Assets.xcassets; sourceTree = "<group>"; };
		857A17BA28B9B0B10048D81A /* Base */ = {isa = PBXFileReference; lastKnownFileType = file.storyboard; name = Base; path = Base.lproj/LaunchScreen.storyboard; sourceTree = "<group>"; };
		857A17BC28B9B0B10048D81A /* Info.plist */ = {isa = PBXFileReference; lastKnownFileType = text.plist.xml; path = Info.plist; sourceTree = "<group>"; };
		857A17C828B9B3900048D81A /* SettingViewController.swift */ = {isa = PBXFileReference; lastKnownFileType = sourcecode.swift; path = SettingViewController.swift; sourceTree = "<group>"; };
		857A17CA28B9B3990048D81A /* SearchViewController.swift */ = {isa = PBXFileReference; lastKnownFileType = sourcecode.swift; path = SearchViewController.swift; sourceTree = "<group>"; };
		857A17CC28B9B3A70048D81A /* CalendarViewController.swift */ = {isa = PBXFileReference; lastKnownFileType = sourcecode.swift; path = CalendarViewController.swift; sourceTree = "<group>"; };
		857A17D328B9B90E0048D81A /* TabBarViewController.swift */ = {isa = PBXFileReference; lastKnownFileType = sourcecode.swift; path = TabBarViewController.swift; sourceTree = "<group>"; };
		857A17D628B9BA4A0048D81A /* BaseViewController.swift */ = {isa = PBXFileReference; lastKnownFileType = sourcecode.swift; path = BaseViewController.swift; sourceTree = "<group>"; };
		857A17D828B9BBFD0048D81A /* BaseView.swift */ = {isa = PBXFileReference; lastKnownFileType = sourcecode.swift; path = BaseView.swift; sourceTree = "<group>"; };
		857A17E228B9D6DE0048D81A /* CalendarView.swift */ = {isa = PBXFileReference; lastKnownFileType = sourcecode.swift; path = CalendarView.swift; sourceTree = "<group>"; };
		85A504D928BBA54000EABE32 /* RealmModel.swift */ = {isa = PBXFileReference; lastKnownFileType = sourcecode.swift; path = RealmModel.swift; sourceTree = "<group>"; };
/* End PBXFileReference section */

/* Begin PBXFrameworksBuildPhase section */
		857A17A828B9B0AF0048D81A /* Frameworks */ = {
			isa = PBXFrameworksBuildPhase;
			buildActionMask = 2147483647;
			files = (
				85A504D528BBA51E00EABE32 /* Realm in Frameworks */,
				8526CCAC28BA166C0053D3C5 /* Alamofire in Frameworks */,
				85A504D728BBA51E00EABE32 /* RealmSwift in Frameworks */,
				857A17E128B9D6BD0048D81A /* FSCalendar in Frameworks */,
				8526CCAF28BA16910053D3C5 /* SwiftyJSON in Frameworks */,
				857A17E928B9D9A20048D81A /* SnapKit in Frameworks */,
				85E8426928BB5AB800B90B4F /* Kingfisher in Frameworks */,
			);
			runOnlyForDeploymentPostprocessing = 0;
		};
/* End PBXFrameworksBuildPhase section */

/* Begin PBXGroup section */
		8526CC8828B9F1070053D3C5 /* Protocol */ = {
			isa = PBXGroup;
			children = (
				8526CC8928B9F1180053D3C5 /* ReusableProtocol.swift */,
			);
			path = Protocol;
			sourceTree = "<group>";
		};
		8526CC8D28B9F4680053D3C5 /* CustomView */ = {
			isa = PBXGroup;
			children = (
				8526CC8E28B9F4A30053D3C5 /* GreenColorLabel.swift */,
			);
			path = CustomView;
			sourceTree = "<group>";
		};
		8526CC9528B9FCFA0053D3C5 /* Write */ = {
			isa = PBXGroup;
			children = (
				8526CC9628B9FD120053D3C5 /* WriteViewController.swift */,
				8526CC9828B9FD2C0053D3C5 /* WriteView.swift */,
			);
			path = Write;
			sourceTree = "<group>";
		};
		8526CC9A28BA0A670053D3C5 /* ImageSearch */ = {
			isa = PBXGroup;
			children = (
				8526CC9B28BA0A840053D3C5 /* ImageSearchViewController.swift */,
				8526CC9D28BA0ACD0053D3C5 /* ImageSearchView.swift */,
				8526CC9F28BA0EAB0053D3C5 /* ImageCollectionViewCell.swift */,
			);
			path = ImageSearch;
			sourceTree = "<group>";
		};
		8526CCA428BA11BD0053D3C5 /* Key */ = {
			isa = PBXGroup;
			children = (
				8526CCA528BA11C90053D3C5 /* APIKey.swift */,
				8526CCB028BA17160053D3C5 /* EndPoint.swift */,
			);
			path = Key;
			sourceTree = "<group>";
		};
		8526CCA728BA13C50053D3C5 /* APIManager */ = {
			isa = PBXGroup;
			children = (
				8526CCA828BA13D60053D3C5 /* NaverAPIManager.swift */,
			);
			path = APIManager;
			sourceTree = "<group>";
		};
		857A17A228B9B0AF0048D81A = {
			isa = PBXGroup;
			children = (
				8526CCA228BA11AF0053D3C5 /* .gitignore */,
				857A17AD28B9B0AF0048D81A /* ShoppingTodoApp */,
				857A17AC28B9B0AF0048D81A /* Products */,
			);
			sourceTree = "<group>";
		};
		857A17AC28B9B0AF0048D81A /* Products */ = {
			isa = PBXGroup;
			children = (
				857A17AB28B9B0AF0048D81A /* ShoppingTodoApp.app */,
			);
			name = Products;
			sourceTree = "<group>";
		};
		857A17AD28B9B0AF0048D81A /* ShoppingTodoApp */ = {
			isa = PBXGroup;
			children = (
				85A504D828BBA53100EABE32 /* Realm */,
				8526CCA728BA13C50053D3C5 /* APIManager */,
				8526CCA428BA11BD0053D3C5 /* Key */,
				8526CC9A28BA0A670053D3C5 /* ImageSearch */,
				8526CC9528B9FCFA0053D3C5 /* Write */,
				8526CC8828B9F1070053D3C5 /* Protocol */,
				857A17D528B9BA350048D81A /* Utility */,
				857A17D028B9B75C0048D81A /* Extension */,
				857A17C728B9B3850048D81A /* Setting */,
				857A17C628B9B37B0048D81A /* Search */,
				857A17C528B9B36A0048D81A /* Calendar */,
				857A17AE28B9B0AF0048D81A /* AppDelegate.swift */,
				857A17B028B9B0AF0048D81A /* SceneDelegate.swift */,
				857A17D328B9B90E0048D81A /* TabBarViewController.swift */,
				857A17B428B9B0AF0048D81A /* Main.storyboard */,
				857A17B728B9B0B10048D81A /* Assets.xcassets */,
				857A17B928B9B0B10048D81A /* LaunchScreen.storyboard */,
				857A17BC28B9B0B10048D81A /* Info.plist */,
			);
			path = ShoppingTodoApp;
			sourceTree = "<group>";
		};
		857A17C528B9B36A0048D81A /* Calendar */ = {
			isa = PBXGroup;
			children = (
				857A17CC28B9B3A70048D81A /* CalendarViewController.swift */,
				857A17E228B9D6DE0048D81A /* CalendarView.swift */,
				8526CC8B28B9F2330053D3C5 /* ShoppingListTableViewCell.swift */,
			);
			path = Calendar;
			sourceTree = "<group>";
		};
		857A17C628B9B37B0048D81A /* Search */ = {
			isa = PBXGroup;
			children = (
				857A17CA28B9B3990048D81A /* SearchViewController.swift */,
			);
			path = Search;
			sourceTree = "<group>";
		};
		857A17C728B9B3850048D81A /* Setting */ = {
			isa = PBXGroup;
			children = (
				857A17C828B9B3900048D81A /* SettingViewController.swift */,
			);
			path = Setting;
			sourceTree = "<group>";
		};
		857A17D028B9B75C0048D81A /* Extension */ = {
			isa = PBXGroup;
			children = (
				8526CC9128B9F5420053D3C5 /* UIColor+Extension.swift */,
				8526CC9328B9FB430053D3C5 /* UIViewController+Extension.swift */,
			);
			path = Extension;
			sourceTree = "<group>";
		};
		857A17D528B9BA350048D81A /* Utility */ = {
			isa = PBXGroup;
			children = (
				8526CC8D28B9F4680053D3C5 /* CustomView */,
				857A17D628B9BA4A0048D81A /* BaseViewController.swift */,
				857A17D828B9BBFD0048D81A /* BaseView.swift */,
			);
			path = Utility;
			sourceTree = "<group>";
		};
		85A504D828BBA53100EABE32 /* Realm */ = {
			isa = PBXGroup;
			children = (
				85A504D928BBA54000EABE32 /* RealmModel.swift */,
			);
			path = Realm;
			sourceTree = "<group>";
		};
/* End PBXGroup section */

/* Begin PBXNativeTarget section */
		857A17AA28B9B0AF0048D81A /* ShoppingTodoApp */ = {
			isa = PBXNativeTarget;
			buildConfigurationList = 857A17BF28B9B0B10048D81A /* Build configuration list for PBXNativeTarget "ShoppingTodoApp" */;
			buildPhases = (
				857A17A728B9B0AF0048D81A /* Sources */,
				857A17A828B9B0AF0048D81A /* Frameworks */,
				857A17A928B9B0AF0048D81A /* Resources */,
			);
			buildRules = (
			);
			dependencies = (
			);
			name = ShoppingTodoApp;
			packageProductDependencies = (
				857A17E028B9D6BD0048D81A /* FSCalendar */,
				857A17E828B9D9A20048D81A /* SnapKit */,
				8526CCAB28BA166C0053D3C5 /* Alamofire */,
				8526CCAE28BA16910053D3C5 /* SwiftyJSON */,
				85E8426828BB5AB800B90B4F /* Kingfisher */,
				85A504D428BBA51E00EABE32 /* Realm */,
				85A504D628BBA51E00EABE32 /* RealmSwift */,
			);
			productName = ShoppingTodoApp;
			productReference = 857A17AB28B9B0AF0048D81A /* ShoppingTodoApp.app */;
			productType = "com.apple.product-type.application";
		};
/* End PBXNativeTarget section */

/* Begin PBXProject section */
		857A17A328B9B0AF0048D81A /* Project object */ = {
			isa = PBXProject;
			attributes = {
				BuildIndependentTargetsInParallel = 1;
				LastSwiftUpdateCheck = 1340;
				LastUpgradeCheck = 1340;
				TargetAttributes = {
					857A17AA28B9B0AF0048D81A = {
						CreatedOnToolsVersion = 13.4.1;
					};
				};
			};
			buildConfigurationList = 857A17A628B9B0AF0048D81A /* Build configuration list for PBXProject "ShoppingTodoApp" */;
			compatibilityVersion = "Xcode 13.0";
			developmentRegion = en;
			hasScannedForEncodings = 0;
			knownRegions = (
				en,
				Base,
			);
			mainGroup = 857A17A228B9B0AF0048D81A;
			packageReferences = (
				857A17DF28B9D6BD0048D81A /* XCRemoteSwiftPackageReference "FSCalendar" */,
				857A17E728B9D9A20048D81A /* XCRemoteSwiftPackageReference "SnapKit" */,
				8526CCAA28BA166C0053D3C5 /* XCRemoteSwiftPackageReference "Alamofire" */,
				8526CCAD28BA16910053D3C5 /* XCRemoteSwiftPackageReference "SwiftyJSON" */,
				85E8426728BB5AB800B90B4F /* XCRemoteSwiftPackageReference "Kingfisher" */,
				85A504D328BBA51E00EABE32 /* XCRemoteSwiftPackageReference "realm-swift" */,
			);
			productRefGroup = 857A17AC28B9B0AF0048D81A /* Products */;
			projectDirPath = "";
			projectRoot = "";
			targets = (
				857A17AA28B9B0AF0048D81A /* ShoppingTodoApp */,
			);
		};
/* End PBXProject section */

/* Begin PBXResourcesBuildPhase section */
		857A17A928B9B0AF0048D81A /* Resources */ = {
			isa = PBXResourcesBuildPhase;
			buildActionMask = 2147483647;
			files = (
				8526CCA328BA11AF0053D3C5 /* .gitignore in Resources */,
				857A17BB28B9B0B10048D81A /* LaunchScreen.storyboard in Resources */,
				857A17B828B9B0B10048D81A /* Assets.xcassets in Resources */,
				857A17B628B9B0AF0048D81A /* Main.storyboard in Resources */,
			);
			runOnlyForDeploymentPostprocessing = 0;
		};
/* End PBXResourcesBuildPhase section */

/* Begin PBXSourcesBuildPhase section */
		857A17A728B9B0AF0048D81A /* Sources */ = {
			isa = PBXSourcesBuildPhase;
			buildActionMask = 2147483647;
			files = (
				8526CC9928B9FD2C0053D3C5 /* WriteView.swift in Sources */,
				857A17CD28B9B3A70048D81A /* CalendarViewController.swift in Sources */,
				8526CC8C28B9F2330053D3C5 /* ShoppingListTableViewCell.swift in Sources */,
				857A17CB28B9B3990048D81A /* SearchViewController.swift in Sources */,
				8526CCB128BA17160053D3C5 /* EndPoint.swift in Sources */,
				8526CC9728B9FD120053D3C5 /* WriteViewController.swift in Sources */,
				857A17AF28B9B0AF0048D81A /* AppDelegate.swift in Sources */,
				8526CC9C28BA0A840053D3C5 /* ImageSearchViewController.swift in Sources */,
				8526CC9428B9FB430053D3C5 /* UIViewController+Extension.swift in Sources */,
				8526CC9E28BA0ACD0053D3C5 /* ImageSearchView.swift in Sources */,
				857A17B128B9B0AF0048D81A /* SceneDelegate.swift in Sources */,
				857A17D428B9B90E0048D81A /* TabBarViewController.swift in Sources */,
				8526CC8A28B9F1180053D3C5 /* ReusableProtocol.swift in Sources */,
				857A17E328B9D6DE0048D81A /* CalendarView.swift in Sources */,
				8526CC8F28B9F4A30053D3C5 /* GreenColorLabel.swift in Sources */,
				8526CCA628BA11C90053D3C5 /* APIKey.swift in Sources */,
				857A17D728B9BA4A0048D81A /* BaseViewController.swift in Sources */,
				8526CC9228B9F5420053D3C5 /* UIColor+Extension.swift in Sources */,
				85A504DA28BBA54000EABE32 /* RealmModel.swift in Sources */,
				857A17C928B9B3900048D81A /* SettingViewController.swift in Sources */,
				8526CCA928BA13D60053D3C5 /* NaverAPIManager.swift in Sources */,
				857A17D928B9BBFD0048D81A /* BaseView.swift in Sources */,
				8526CCA028BA0EAB0053D3C5 /* ImageCollectionViewCell.swift in Sources */,
			);
			runOnlyForDeploymentPostprocessing = 0;
		};
/* End PBXSourcesBuildPhase section */

/* Begin PBXVariantGroup section */
		857A17B428B9B0AF0048D81A /* Main.storyboard */ = {
			isa = PBXVariantGroup;
			children = (
				857A17B528B9B0AF0048D81A /* Base */,
			);
			name = Main.storyboard;
			sourceTree = "<group>";
		};
		857A17B928B9B0B10048D81A /* LaunchScreen.storyboard */ = {
			isa = PBXVariantGroup;
			children = (
				857A17BA28B9B0B10048D81A /* Base */,
			);
			name = LaunchScreen.storyboard;
			sourceTree = "<group>";
		};
/* End PBXVariantGroup section */

/* Begin XCBuildConfiguration section */
		857A17BD28B9B0B10048D81A /* Debug */ = {
			isa = XCBuildConfiguration;
			buildSettings = {
				ALWAYS_SEARCH_USER_PATHS = NO;
				CLANG_ANALYZER_NONNULL = YES;
				CLANG_ANALYZER_NUMBER_OBJECT_CONVERSION = YES_AGGRESSIVE;
				CLANG_CXX_LANGUAGE_STANDARD = "gnu++17";
				CLANG_ENABLE_MODULES = YES;
				CLANG_ENABLE_OBJC_ARC = YES;
				CLANG_ENABLE_OBJC_WEAK = YES;
				CLANG_WARN_BLOCK_CAPTURE_AUTORELEASING = YES;
				CLANG_WARN_BOOL_CONVERSION = YES;
				CLANG_WARN_COMMA = YES;
				CLANG_WARN_CONSTANT_CONVERSION = YES;
				CLANG_WARN_DEPRECATED_OBJC_IMPLEMENTATIONS = YES;
				CLANG_WARN_DIRECT_OBJC_ISA_USAGE = YES_ERROR;
				CLANG_WARN_DOCUMENTATION_COMMENTS = YES;
				CLANG_WARN_EMPTY_BODY = YES;
				CLANG_WARN_ENUM_CONVERSION = YES;
				CLANG_WARN_INFINITE_RECURSION = YES;
				CLANG_WARN_INT_CONVERSION = YES;
				CLANG_WARN_NON_LITERAL_NULL_CONVERSION = YES;
				CLANG_WARN_OBJC_IMPLICIT_RETAIN_SELF = YES;
				CLANG_WARN_OBJC_LITERAL_CONVERSION = YES;
				CLANG_WARN_OBJC_ROOT_CLASS = YES_ERROR;
				CLANG_WARN_QUOTED_INCLUDE_IN_FRAMEWORK_HEADER = YES;
				CLANG_WARN_RANGE_LOOP_ANALYSIS = YES;
				CLANG_WARN_STRICT_PROTOTYPES = YES;
				CLANG_WARN_SUSPICIOUS_MOVE = YES;
				CLANG_WARN_UNGUARDED_AVAILABILITY = YES_AGGRESSIVE;
				CLANG_WARN_UNREACHABLE_CODE = YES;
				CLANG_WARN__DUPLICATE_METHOD_MATCH = YES;
				COPY_PHASE_STRIP = NO;
				DEBUG_INFORMATION_FORMAT = dwarf;
				ENABLE_STRICT_OBJC_MSGSEND = YES;
				ENABLE_TESTABILITY = YES;
				GCC_C_LANGUAGE_STANDARD = gnu11;
				GCC_DYNAMIC_NO_PIC = NO;
				GCC_NO_COMMON_BLOCKS = YES;
				GCC_OPTIMIZATION_LEVEL = 0;
				GCC_PREPROCESSOR_DEFINITIONS = (
					"DEBUG=1",
					"$(inherited)",
				);
				GCC_WARN_64_TO_32_BIT_CONVERSION = YES;
				GCC_WARN_ABOUT_RETURN_TYPE = YES_ERROR;
				GCC_WARN_UNDECLARED_SELECTOR = YES;
				GCC_WARN_UNINITIALIZED_AUTOS = YES_AGGRESSIVE;
				GCC_WARN_UNUSED_FUNCTION = YES;
				GCC_WARN_UNUSED_VARIABLE = YES;
				IPHONEOS_DEPLOYMENT_TARGET = 15.5;
				MTL_ENABLE_DEBUG_INFO = INCLUDE_SOURCE;
				MTL_FAST_MATH = YES;
				ONLY_ACTIVE_ARCH = YES;
				SDKROOT = iphoneos;
				SWIFT_ACTIVE_COMPILATION_CONDITIONS = DEBUG;
				SWIFT_OPTIMIZATION_LEVEL = "-Onone";
			};
			name = Debug;
		};
		857A17BE28B9B0B10048D81A /* Release */ = {
			isa = XCBuildConfiguration;
			buildSettings = {
				ALWAYS_SEARCH_USER_PATHS = NO;
				CLANG_ANALYZER_NONNULL = YES;
				CLANG_ANALYZER_NUMBER_OBJECT_CONVERSION = YES_AGGRESSIVE;
				CLANG_CXX_LANGUAGE_STANDARD = "gnu++17";
				CLANG_ENABLE_MODULES = YES;
				CLANG_ENABLE_OBJC_ARC = YES;
				CLANG_ENABLE_OBJC_WEAK = YES;
				CLANG_WARN_BLOCK_CAPTURE_AUTORELEASING = YES;
				CLANG_WARN_BOOL_CONVERSION = YES;
				CLANG_WARN_COMMA = YES;
				CLANG_WARN_CONSTANT_CONVERSION = YES;
				CLANG_WARN_DEPRECATED_OBJC_IMPLEMENTATIONS = YES;
				CLANG_WARN_DIRECT_OBJC_ISA_USAGE = YES_ERROR;
				CLANG_WARN_DOCUMENTATION_COMMENTS = YES;
				CLANG_WARN_EMPTY_BODY = YES;
				CLANG_WARN_ENUM_CONVERSION = YES;
				CLANG_WARN_INFINITE_RECURSION = YES;
				CLANG_WARN_INT_CONVERSION = YES;
				CLANG_WARN_NON_LITERAL_NULL_CONVERSION = YES;
				CLANG_WARN_OBJC_IMPLICIT_RETAIN_SELF = YES;
				CLANG_WARN_OBJC_LITERAL_CONVERSION = YES;
				CLANG_WARN_OBJC_ROOT_CLASS = YES_ERROR;
				CLANG_WARN_QUOTED_INCLUDE_IN_FRAMEWORK_HEADER = YES;
				CLANG_WARN_RANGE_LOOP_ANALYSIS = YES;
				CLANG_WARN_STRICT_PROTOTYPES = YES;
				CLANG_WARN_SUSPICIOUS_MOVE = YES;
				CLANG_WARN_UNGUARDED_AVAILABILITY = YES_AGGRESSIVE;
				CLANG_WARN_UNREACHABLE_CODE = YES;
				CLANG_WARN__DUPLICATE_METHOD_MATCH = YES;
				COPY_PHASE_STRIP = NO;
				DEBUG_INFORMATION_FORMAT = "dwarf-with-dsym";
				ENABLE_NS_ASSERTIONS = NO;
				ENABLE_STRICT_OBJC_MSGSEND = YES;
				GCC_C_LANGUAGE_STANDARD = gnu11;
				GCC_NO_COMMON_BLOCKS = YES;
				GCC_WARN_64_TO_32_BIT_CONVERSION = YES;
				GCC_WARN_ABOUT_RETURN_TYPE = YES_ERROR;
				GCC_WARN_UNDECLARED_SELECTOR = YES;
				GCC_WARN_UNINITIALIZED_AUTOS = YES_AGGRESSIVE;
				GCC_WARN_UNUSED_FUNCTION = YES;
				GCC_WARN_UNUSED_VARIABLE = YES;
				IPHONEOS_DEPLOYMENT_TARGET = 15.5;
				MTL_ENABLE_DEBUG_INFO = NO;
				MTL_FAST_MATH = YES;
				SDKROOT = iphoneos;
				SWIFT_COMPILATION_MODE = wholemodule;
				SWIFT_OPTIMIZATION_LEVEL = "-O";
				VALIDATE_PRODUCT = YES;
			};
			name = Release;
		};
		857A17C028B9B0B10048D81A /* Debug */ = {
			isa = XCBuildConfiguration;
			buildSettings = {
				ASSETCATALOG_COMPILER_APPICON_NAME = AppIcon;
				ASSETCATALOG_COMPILER_GLOBAL_ACCENT_COLOR_NAME = AccentColor;
				CODE_SIGN_STYLE = Automatic;
				CURRENT_PROJECT_VERSION = 1;
				DEVELOPMENT_TEAM = 3K4KWAG7KD;
				GENERATE_INFOPLIST_FILE = YES;
				INFOPLIST_FILE = ShoppingTodoApp/Info.plist;
				INFOPLIST_KEY_UIApplicationSupportsIndirectInputEvents = YES;
				INFOPLIST_KEY_UILaunchStoryboardName = LaunchScreen;
				INFOPLIST_KEY_UIMainStoryboardFile = Main;
				INFOPLIST_KEY_UISupportedInterfaceOrientations = UIInterfaceOrientationPortrait;
				INFOPLIST_KEY_UISupportedInterfaceOrientations_iPad = "UIInterfaceOrientationPortrait UIInterfaceOrientationPortraitUpsideDown UIInterfaceOrientationLandscapeLeft UIInterfaceOrientationLandscapeRight";
				INFOPLIST_KEY_UISupportedInterfaceOrientations_iPhone = "UIInterfaceOrientationPortrait UIInterfaceOrientationLandscapeLeft UIInterfaceOrientationLandscapeRight";
				IPHONEOS_DEPLOYMENT_TARGET = 14.0;
				LD_RUNPATH_SEARCH_PATHS = (
					"$(inherited)",
					"@executable_path/Frameworks",
				);
				MARKETING_VERSION = 1.0;
				PRODUCT_BUNDLE_IDENTIFIER = com.hano.ShoppingTodoApp;
				PRODUCT_NAME = "$(TARGET_NAME)";
				SWIFT_EMIT_LOC_STRINGS = YES;
				SWIFT_VERSION = 5.0;
				TARGETED_DEVICE_FAMILY = 1;
			};
			name = Debug;
		};
		857A17C128B9B0B10048D81A /* Release */ = {
			isa = XCBuildConfiguration;
			buildSettings = {
				ASSETCATALOG_COMPILER_APPICON_NAME = AppIcon;
				ASSETCATALOG_COMPILER_GLOBAL_ACCENT_COLOR_NAME = AccentColor;
				CODE_SIGN_STYLE = Automatic;
				CURRENT_PROJECT_VERSION = 1;
				DEVELOPMENT_TEAM = 3K4KWAG7KD;
				GENERATE_INFOPLIST_FILE = YES;
				INFOPLIST_FILE = ShoppingTodoApp/Info.plist;
				INFOPLIST_KEY_UIApplicationSupportsIndirectInputEvents = YES;
				INFOPLIST_KEY_UILaunchStoryboardName = LaunchScreen;
				INFOPLIST_KEY_UIMainStoryboardFile = Main;
				INFOPLIST_KEY_UISupportedInterfaceOrientations = UIInterfaceOrientationPortrait;
				INFOPLIST_KEY_UISupportedInterfaceOrientations_iPad = "UIInterfaceOrientationPortrait UIInterfaceOrientationPortraitUpsideDown UIInterfaceOrientationLandscapeLeft UIInterfaceOrientationLandscapeRight";
				INFOPLIST_KEY_UISupportedInterfaceOrientations_iPhone = "UIInterfaceOrientationPortrait UIInterfaceOrientationLandscapeLeft UIInterfaceOrientationLandscapeRight";
				IPHONEOS_DEPLOYMENT_TARGET = 14.0;
				LD_RUNPATH_SEARCH_PATHS = (
					"$(inherited)",
					"@executable_path/Frameworks",
				);
				MARKETING_VERSION = 1.0;
				PRODUCT_BUNDLE_IDENTIFIER = com.hano.ShoppingTodoApp;
				PRODUCT_NAME = "$(TARGET_NAME)";
				SWIFT_EMIT_LOC_STRINGS = YES;
				SWIFT_VERSION = 5.0;
				TARGETED_DEVICE_FAMILY = 1;
			};
			name = Release;
		};
/* End XCBuildConfiguration section */

/* Begin XCConfigurationList section */
		857A17A628B9B0AF0048D81A /* Build configuration list for PBXProject "ShoppingTodoApp" */ = {
			isa = XCConfigurationList;
			buildConfigurations = (
				857A17BD28B9B0B10048D81A /* Debug */,
				857A17BE28B9B0B10048D81A /* Release */,
			);
			defaultConfigurationIsVisible = 0;
			defaultConfigurationName = Release;
		};
		857A17BF28B9B0B10048D81A /* Build configuration list for PBXNativeTarget "ShoppingTodoApp" */ = {
			isa = XCConfigurationList;
			buildConfigurations = (
				857A17C028B9B0B10048D81A /* Debug */,
				857A17C128B9B0B10048D81A /* Release */,
			);
			defaultConfigurationIsVisible = 0;
			defaultConfigurationName = Release;
		};
/* End XCConfigurationList section */

/* Begin XCRemoteSwiftPackageReference section */
		8526CCAA28BA166C0053D3C5 /* XCRemoteSwiftPackageReference "Alamofire" */ = {
			isa = XCRemoteSwiftPackageReference;
			repositoryURL = "https://github.com/Alamofire/Alamofire.git";
			requirement = {
				kind = upToNextMajorVersion;
				minimumVersion = 5.0.0;
			};
		};
		8526CCAD28BA16910053D3C5 /* XCRemoteSwiftPackageReference "SwiftyJSON" */ = {
			isa = XCRemoteSwiftPackageReference;
			repositoryURL = "https://github.com/SwiftyJSON/SwiftyJSON.git";
			requirement = {
				kind = upToNextMajorVersion;
				minimumVersion = 5.0.0;
			};
		};
		857A17DF28B9D6BD0048D81A /* XCRemoteSwiftPackageReference "FSCalendar" */ = {
			isa = XCRemoteSwiftPackageReference;
			repositoryURL = "https://github.com/WenchaoD/FSCalendar";
			requirement = {
				kind = upToNextMajorVersion;
				minimumVersion = 2.0.0;
			};
		};
		857A17E728B9D9A20048D81A /* XCRemoteSwiftPackageReference "SnapKit" */ = {
			isa = XCRemoteSwiftPackageReference;
			repositoryURL = "https://github.com/SnapKit/SnapKit.git";
			requirement = {
				kind = upToNextMajorVersion;
				minimumVersion = 5.0.0;
			};
		};
		85A504D328BBA51E00EABE32 /* XCRemoteSwiftPackageReference "realm-swift" */ = {
			isa = XCRemoteSwiftPackageReference;
			repositoryURL = "https://github.com/realm/realm-swift.git";
			requirement = {
				kind = upToNextMajorVersion;
				minimumVersion = 10.0.0;
			};
		};
		85E8426728BB5AB800B90B4F /* XCRemoteSwiftPackageReference "Kingfisher" */ = {
			isa = XCRemoteSwiftPackageReference;
			repositoryURL = "https://github.com/onevcat/Kingfisher.git";
			requirement = {
				kind = upToNextMajorVersion;
				minimumVersion = 7.0.0;
			};
		};
/* End XCRemoteSwiftPackageReference section */

/* Begin XCSwiftPackageProductDependency section */
		8526CCAB28BA166C0053D3C5 /* Alamofire */ = {
			isa = XCSwiftPackageProductDependency;
			package = 8526CCAA28BA166C0053D3C5 /* XCRemoteSwiftPackageReference "Alamofire" */;
			productName = Alamofire;
		};
		8526CCAE28BA16910053D3C5 /* SwiftyJSON */ = {
			isa = XCSwiftPackageProductDependency;
			package = 8526CCAD28BA16910053D3C5 /* XCRemoteSwiftPackageReference "SwiftyJSON" */;
			productName = SwiftyJSON;
		};
		857A17E028B9D6BD0048D81A /* FSCalendar */ = {
			isa = XCSwiftPackageProductDependency;
			package = 857A17DF28B9D6BD0048D81A /* XCRemoteSwiftPackageReference "FSCalendar" */;
			productName = FSCalendar;
		};
		857A17E828B9D9A20048D81A /* SnapKit */ = {
			isa = XCSwiftPackageProductDependency;
			package = 857A17E728B9D9A20048D81A /* XCRemoteSwiftPackageReference "SnapKit" */;
			productName = SnapKit;
		};
		85A504D428BBA51E00EABE32 /* Realm */ = {
			isa = XCSwiftPackageProductDependency;
			package = 85A504D328BBA51E00EABE32 /* XCRemoteSwiftPackageReference "realm-swift" */;
			productName = Realm;
		};
		85A504D628BBA51E00EABE32 /* RealmSwift */ = {
			isa = XCSwiftPackageProductDependency;
			package = 85A504D328BBA51E00EABE32 /* XCRemoteSwiftPackageReference "realm-swift" */;
			productName = RealmSwift;
		};
		85E8426828BB5AB800B90B4F /* Kingfisher */ = {
			isa = XCSwiftPackageProductDependency;
			package = 85E8426728BB5AB800B90B4F /* XCRemoteSwiftPackageReference "Kingfisher" */;
			productName = Kingfisher;
		};
/* End XCSwiftPackageProductDependency section */
	};
	rootObject = 857A17A328B9B0AF0048D81A /* Project object */;
}
